# This file is autogenerated, do not edit; changes may be undone by the next 'dep ensure'.


[[projects]]
  name = "github.com/aws/aws-sdk-go"
  packages = ["aws","aws/awserr","aws/awsutil","aws/client/metadata","aws/credentials","aws/endpoints","aws/request","aws/signer/v4","internal/context","internal/ini","internal/sdkio","internal/sdkmath","internal/shareddefaults","internal/strings","internal/sync/singleflight","private/protocol","private/protocol/rest"]
  revision = "6b30db0b2d35b6355e748079fcca9caee08ba2d6"
  version = "v1.35.5"

[[projects]]
  name = "github.com/go-stack/stack"
  packages = ["."]
  revision = "2fee6af1a9795aafbe0253a0cfbdf668e1fb8a9a"
  version = "v1.8.0"

[[projects]]
  name = "github.com/golang/snappy"
  packages = ["."]
  revision = "196ae77b8a26000fa30caa8b2b541e09674dbc43"
  version = "v0.0.2"

[[projects]]
  name = "github.com/jmespath/go-jmespath"
  packages = ["."]
  revision = "c2b33e84"

[[projects]]
  name = "github.com/klauspost/compress"
  packages = ["fse","huff0","snappy","zstd","zstd/internal/xxhash"]
  revision = "06dfa05f34740a0ee7ad9932a6f65d523328e98e"
  version = "v1.11.1"

[[projects]]
  name = "github.com/pkg/errors"
  packages = ["."]
  revision = "614d223910a179a466c1767a985424175c39b465"
  version = "v0.9.1"

[[projects]]
  branch = "master"
  name = "github.com/xdg/scram"
  packages = ["."]
  revision = "7eeb5667e42c09cb51bf7b7c28aea8c56767da90"

[[projects]]
  name = "github.com/xdg/stringprep"
  packages = ["."]
  revision = "bd625b8dc1e3b0f57412280ccbcc317f0c69d8db"
  version = "v1.0.0"

[[projects]]
  name = "go.mongodb.org/mongo-driver"
  packages = ["bson","bson/bsoncodec","bson/bsonoptions","bson/bsonrw","bson/bsontype","bson/primitive","event","internal","mongo","mongo/options","mongo/readconcern","mongo/readpref","mongo/writeconcern","tag","version","x/bsonx","x/bsonx/bsoncore","x/mongo/driver","x/mongo/driver/address","x/mongo/driver/auth","x/mongo/driver/auth/internal/gssapi","x/mongo/driver/connstring","x/mongo/driver/description","x/mongo/driver/dns","x/mongo/driver/mongocrypt","x/mongo/driver/mongocrypt/options","x/mongo/driver/ocsp","x/mongo/driver/operation","x/mongo/driver/session","x/mongo/driver/topology","x/mongo/driver/uuid","x/mongo/driver/wiremessage"]
  revision = "140a982e2bad05fb469723ea9046c9699b3fe161"
  version = "v1.4.2"

[[projects]]
  branch = "master"
  name = "golang.org/x/crypto"
  packages = ["ocsp","pbkdf2"]
  revision = "7f63de1d35b0f77fa2b9faea3e7deb402a2383c8"

[[projects]]
  branch = "master"
  name = "golang.org/x/sync"
  packages = ["errgroup","semaphore"]
  revision = "30421366ff761c80b137fb5084b32278ed41fab0"

[[projects]]
  name = "golang.org/x/text"
  packages = ["internal/gen","internal/triegen","internal/ucd","transform","unicode/cldr","unicode/norm"]
  revision = "23ae387dee1f90d29a23c0e87ee0b46038fbed0e"
  version = "v0.3.3"

[solve-meta]
  analyzer-name = "dep"
  analyzer-version = 1
  inputs-digest = "da8e2729869a49eb4ce9bbf73044dddbad33e262a40df6791a30461f4a42987f"
  solver-name = "gps-cdcl"
  solver-version = 1
